
Microsoft Visual Studio Solution File, Format Version 12.00
# Visual Studio 15
VisualStudioVersion = 15.0.28010.2026
MinimumVisualStudioVersion = 10.0.40219.1
Project("{FAE04EC0-301F-11D3-BF4B-00C04F79EFBC}") = "uCommerceDemo", "uCommerceDemo\uCommerceDemo.csproj", "{73C766DD-4337-48CF-B243-5426DF029CDF}"
EndProject
Global
	GlobalSection(SolutionConfigurationPlatforms) = preSolution
		Debug|Any CPU = Debug|Any CPU
		Release|Any CPU = Release|Any CPU
	EndGlobalSection
	GlobalSection(ProjectConfigurationPlatforms) = postSolution
		{73C766DD-4337-48CF-B243-5426DF029CDF}.Debug|Any CPU.ActiveCfg = Debug|Any CPU
		{73C766DD-4337-48CF-B243-5426DF029CDF}.Debug|Any CPU.Build.0 = Debug|Any CPU
		{73C766DD-4337-48CF-B243-5426DF029CDF}.Release|Any CPU.ActiveCfg = Release|Any CPU
		{73C766DD-4337-48CF-B243-5426DF029CDF}.Release|Any CPU.Build.0 = Release|Any CPU
	EndGlobalSection
	GlobalSection(SolutionProperties) = preSolution
		HideSolutionNode = FALSE
	EndGlobalSection
	GlobalSection(ExtensibilityGlobals) = postSolution
		SolutionGuid = {015BB6A3-E345-4E92-9AA2-9A016189D4EC}
	EndGlobalSection
EndGlobal
